
Microsoft Visual Studio Solution File, Format Version 12.00
# Visual Studio Version 17
VisualStudioVersion = 17.9.34723.18
MinimumVisualStudioVersion = 10.0.40219.1
Project("{FAE04EC0-301F-11D3-BF4B-00C04F79EFBC}") = "SheetDisciplines", "SheetDisciplines\SheetDisciplines.csproj", "{026457A1-698A-4462-908D-B88286644971}"
EndProject
Project("{B7DD6F7E-DEF8-4E67-B5B7-07EF123DB6F0}") = "Installer", "Installer\Installer.wixproj", "{EE74ED45-A15A-4357-977F-1BEDAD5A5D3E}"
EndProject
Global
	GlobalSection(SolutionConfigurationPlatforms) = preSolution
		Debug|Any CPU = Debug|Any CPU
		Debug|ARM = Debug|ARM
		Debug|ARM64 = Debug|ARM64
		Debug|x64 = Debug|x64
		Debug|x86 = Debug|x86
		Release|Any CPU = Release|Any CPU
		Release|ARM = Release|ARM
		Release|ARM64 = Release|ARM64
		Release|x64 = Release|x64
		Release|x86 = Release|x86
	EndGlobalSection
	GlobalSection(ProjectConfigurationPlatforms) = postSolution
		{026457A1-698A-4462-908D-B88286644971}.Debug|Any CPU.ActiveCfg = Debug|Any CPU
		{026457A1-698A-4462-908D-B88286644971}.Debug|Any CPU.Build.0 = Debug|Any CPU
		{026457A1-698A-4462-908D-B88286644971}.Debug|ARM.ActiveCfg = Debug|Any CPU
		{026457A1-698A-4462-908D-B88286644971}.Debug|ARM.Build.0 = Debug|Any CPU
		{026457A1-698A-4462-908D-B88286644971}.Debug|ARM64.ActiveCfg = Debug|Any CPU
		{026457A1-698A-4462-908D-B88286644971}.Debug|ARM64.Build.0 = Debug|Any CPU
		{026457A1-698A-4462-908D-B88286644971}.Debug|x64.ActiveCfg = Debug|Any CPU
		{026457A1-698A-4462-908D-B88286644971}.Debug|x64.Build.0 = Debug|Any CPU
		{026457A1-698A-4462-908D-B88286644971}.Debug|x86.ActiveCfg = Debug|Any CPU
		{026457A1-698A-4462-908D-B88286644971}.Debug|x86.Build.0 = Debug|Any CPU
		{026457A1-698A-4462-908D-B88286644971}.Release|Any CPU.ActiveCfg = Release|Any CPU
		{026457A1-698A-4462-908D-B88286644971}.Release|Any CPU.Build.0 = Release|Any CPU
		{026457A1-698A-4462-908D-B88286644971}.Release|ARM.ActiveCfg = Release|Any CPU
		{026457A1-698A-4462-908D-B88286644971}.Release|ARM.Build.0 = Release|Any CPU
		{026457A1-698A-4462-908D-B88286644971}.Release|ARM64.ActiveCfg = Release|Any CPU
		{026457A1-698A-4462-908D-B88286644971}.Release|ARM64.Build.0 = Release|Any CPU
		{026457A1-698A-4462-908D-B88286644971}.Release|x64.ActiveCfg = Release|Any CPU
		{026457A1-698A-4462-908D-B88286644971}.Release|x64.Build.0 = Release|Any CPU
		{026457A1-698A-4462-908D-B88286644971}.Release|x86.ActiveCfg = Release|Any CPU
		{026457A1-698A-4462-908D-B88286644971}.Release|x86.Build.0 = Release|Any CPU
		{EE74ED45-A15A-4357-977F-1BEDAD5A5D3E}.Debug|Any CPU.ActiveCfg = Debug|x64
		{EE74ED45-A15A-4357-977F-1BEDAD5A5D3E}.Debug|Any CPU.Build.0 = Debug|x64
		{EE74ED45-A15A-4357-977F-1BEDAD5A5D3E}.Debug|ARM.ActiveCfg = Debug|x64
		{EE74ED45-A15A-4357-977F-1BEDAD5A5D3E}.Debug|ARM.Build.0 = Debug|x64
		{EE74ED45-A15A-4357-977F-1BEDAD5A5D3E}.Debug|ARM64.ActiveCfg = Debug|ARM64
		{EE74ED45-A15A-4357-977F-1BEDAD5A5D3E}.Debug|ARM64.Build.0 = Debug|ARM64
		{EE74ED45-A15A-4357-977F-1BEDAD5A5D3E}.Debug|x64.ActiveCfg = Debug|x64
		{EE74ED45-A15A-4357-977F-1BEDAD5A5D3E}.Debug|x64.Build.0 = Debug|x64
		{EE74ED45-A15A-4357-977F-1BEDAD5A5D3E}.Debug|x86.ActiveCfg = Debug|x86
		{EE74ED45-A15A-4357-977F-1BEDAD5A5D3E}.Debug|x86.Build.0 = Debug|x86
		{EE74ED45-A15A-4357-977F-1BEDAD5A5D3E}.Release|Any CPU.ActiveCfg = Release|x64
		{EE74ED45-A15A-4357-977F-1BEDAD5A5D3E}.Release|Any CPU.Build.0 = Release|x64
		{EE74ED45-A15A-4357-977F-1BEDAD5A5D3E}.Release|ARM.ActiveCfg = Release|x64
		{EE74ED45-A15A-4357-977F-1BEDAD5A5D3E}.Release|ARM.Build.0 = Release|x64
		{EE74ED45-A15A-4357-977F-1BEDAD5A5D3E}.Release|ARM64.ActiveCfg = Release|ARM64
		{EE74ED45-A15A-4357-977F-1BEDAD5A5D3E}.Release|ARM64.Build.0 = Release|ARM64
		{EE74ED45-A15A-4357-977F-1BEDAD5A5D3E}.Release|x64.ActiveCfg = Release|x64
		{EE74ED45-A15A-4357-977F-1BEDAD5A5D3E}.Release|x64.Build.0 = Release|x64
		{EE74ED45-A15A-4357-977F-1BEDAD5A5D3E}.Release|x86.ActiveCfg = Release|x86
		{EE74ED45-A15A-4357-977F-1BEDAD5A5D3E}.Release|x86.Build.0 = Release|x86
	EndGlobalSection
	GlobalSection(SolutionProperties) = preSolution
		HideSolutionNode = FALSE
	EndGlobalSection
	GlobalSection(ExtensibilityGlobals) = postSolution
		SolutionGuid = {5D9F2A54-3395-44CD-BBE2-C1359D6E2314}
	EndGlobalSection
EndGlobal
